// !$*UTF8*$!
{
	archiveVersion = 1;
	classes = {
	};
	objectVersion = 51;
	objects = {

/* Begin PBXBuildFile section */
		493C45A624559902003CA477 /* LeaderboardTabBarController.swift in Sources */ = {isa = PBXBuildFile; fileRef = 493C45A524559902003CA477 /* LeaderboardTabBarController.swift */; };
		493C45AB2455B18F003CA477 /* User+CoreDataClass.swift in Sources */ = {isa = PBXBuildFile; fileRef = 493C45A72455B18F003CA477 /* User+CoreDataClass.swift */; };
		493C45AC2455B18F003CA477 /* User+CoreDataProperties.swift in Sources */ = {isa = PBXBuildFile; fileRef = 493C45A82455B18F003CA477 /* User+CoreDataProperties.swift */; };
		493C45AD2455B18F003CA477 /* GameResult+CoreDataClass.swift in Sources */ = {isa = PBXBuildFile; fileRef = 493C45A92455B18F003CA477 /* GameResult+CoreDataClass.swift */; };
		493C45AE2455B18F003CA477 /* GameResult+CoreDataProperties.swift in Sources */ = {isa = PBXBuildFile; fileRef = 493C45AA2455B18F003CA477 /* GameResult+CoreDataProperties.swift */; };
		493C45B12455B300003CA477 /* LeaderboardTableViewCell.swift in Sources */ = {isa = PBXBuildFile; fileRef = 493C45AF2455B300003CA477 /* LeaderboardTableViewCell.swift */; };
		493C45B22455B300003CA477 /* LeaderboardTableViewCell.xib in Resources */ = {isa = PBXBuildFile; fileRef = 493C45B02455B300003CA477 /* LeaderboardTableViewCell.xib */; };
		493C45B52455B38C003CA477 /* LeaderboardTableViewCellModel.swift in Sources */ = {isa = PBXBuildFile; fileRef = 493C45B42455B38C003CA477 /* LeaderboardTableViewCellModel.swift */; };
		493C45B72455B3DD003CA477 /* BaseTableViewCell.swift in Sources */ = {isa = PBXBuildFile; fileRef = 493C45B62455B3DD003CA477 /* BaseTableViewCell.swift */; };
		496D4EE62452079D004541E0 /* AppDelegate.swift in Sources */ = {isa = PBXBuildFile; fileRef = 496D4EE52452079D004541E0 /* AppDelegate.swift */; };
		496D4EF02452079D004541E0 /* RealityPuzzle.xcdatamodeld in Sources */ = {isa = PBXBuildFile; fileRef = 496D4EEE2452079D004541E0 /* RealityPuzzle.xcdatamodeld */; };
		496D4EF2245207A4004541E0 /* Assets.xcassets in Resources */ = {isa = PBXBuildFile; fileRef = 496D4EF1245207A4004541E0 /* Assets.xcassets */; };
		496D4F0324520B2B004541E0 /* GameGenerator.swift in Sources */ = {isa = PBXBuildFile; fileRef = 496D4F0224520B2B004541E0 /* GameGenerator.swift */; };
		496D4F0524520B58004541E0 /* Board.swift in Sources */ = {isa = PBXBuildFile; fileRef = 496D4F0424520B58004541E0 /* Board.swift */; };
		496D4F0724520B79004541E0 /* Piece.swift in Sources */ = {isa = PBXBuildFile; fileRef = 496D4F0624520B79004541E0 /* Piece.swift */; };
		496D4F0924520B91004541E0 /* Game.swift in Sources */ = {isa = PBXBuildFile; fileRef = 496D4F0824520B91004541E0 /* Game.swift */; };
		496D4F0E24520C1D004541E0 /* MainViewController.swift in Sources */ = {isa = PBXBuildFile; fileRef = 496D4F0C24520C1D004541E0 /* MainViewController.swift */; };
		496D4F0F24520C1D004541E0 /* MainViewController.xib in Resources */ = {isa = PBXBuildFile; fileRef = 496D4F0D24520C1D004541E0 /* MainViewController.xib */; };
		496D4F1124520C2A004541E0 /* MainViewModel.swift in Sources */ = {isa = PBXBuildFile; fileRef = 496D4F1024520C2A004541E0 /* MainViewModel.swift */; };
		496D4F1524520C51004541E0 /* NewGameViewController.swift in Sources */ = {isa = PBXBuildFile; fileRef = 496D4F1324520C51004541E0 /* NewGameViewController.swift */; };
		496D4F1624520C51004541E0 /* NewGameViewController.xib in Resources */ = {isa = PBXBuildFile; fileRef = 496D4F1424520C51004541E0 /* NewGameViewController.xib */; };
		496D4F1824520C60004541E0 /* NewGameViewModel.swift in Sources */ = {isa = PBXBuildFile; fileRef = 496D4F1724520C60004541E0 /* NewGameViewModel.swift */; };
		496D4F1C24520CA0004541E0 /* CurrentGameViewController.swift in Sources */ = {isa = PBXBuildFile; fileRef = 496D4F1A24520CA0004541E0 /* CurrentGameViewController.swift */; };
		496D4F1D24520CA0004541E0 /* CurrentGameViewController.xib in Resources */ = {isa = PBXBuildFile; fileRef = 496D4F1B24520CA0004541E0 /* CurrentGameViewController.xib */; };
		496D4F1F24520CAD004541E0 /* CurrentGameViewModel.swift in Sources */ = {isa = PBXBuildFile; fileRef = 496D4F1E24520CAD004541E0 /* CurrentGameViewModel.swift */; };
		496D4F2224520CDA004541E0 /* LeaderboardViewModel.swift in Sources */ = {isa = PBXBuildFile; fileRef = 496D4F2124520CDA004541E0 /* LeaderboardViewModel.swift */; };
		496D4F2524520CE8004541E0 /* LeaderboardViewController.swift in Sources */ = {isa = PBXBuildFile; fileRef = 496D4F2324520CE8004541E0 /* LeaderboardViewController.swift */; };
		496D4F2624520CE8004541E0 /* LeaderboardViewController.xib in Resources */ = {isa = PBXBuildFile; fileRef = 496D4F2424520CE8004541E0 /* LeaderboardViewController.xib */; };
		496D4F2924520E50004541E0 /* ViewControllerBindable.swift in Sources */ = {isa = PBXBuildFile; fileRef = 496D4F2824520E50004541E0 /* ViewControllerBindable.swift */; };
		496D4F2B24520E77004541E0 /* ViewModelBindable.swift in Sources */ = {isa = PBXBuildFile; fileRef = 496D4F2A24520E77004541E0 /* ViewModelBindable.swift */; };
		496D4F2D245213ED004541E0 /* NSObject+Classname.swift in Sources */ = {isa = PBXBuildFile; fileRef = 496D4F2C245213ED004541E0 /* NSObject+Classname.swift */; };
		497E82382455D8DA009CFC52 /* FlickrApi.swift in Sources */ = {isa = PBXBuildFile; fileRef = 497E82372455D8DA009CFC52 /* FlickrApi.swift */; };
		497E823E2455DEA9009CFC52 /* UIImage+async.swift in Sources */ = {isa = PBXBuildFile; fileRef = 497E823D2455DEA9009CFC52 /* UIImage+async.swift */; };
		497E82402455DEF9009CFC52 /* NSObject+Cache.swift in Sources */ = {isa = PBXBuildFile; fileRef = 497E823F2455DEF9009CFC52 /* NSObject+Cache.swift */; };
		499660C52454287000E9DAD6 /* UIViewController.swift in Sources */ = {isa = PBXBuildFile; fileRef = 499660C42454287000E9DAD6 /* UIViewController.swift */; };
		499660C7245428A700E9DAD6 /* UIAlertController+CustomAlerts.swift in Sources */ = {isa = PBXBuildFile; fileRef = 499660C6245428A700E9DAD6 /* UIAlertController+CustomAlerts.swift */; };
		499660C924542D6D00E9DAD6 /* String.swift in Sources */ = {isa = PBXBuildFile; fileRef = 499660C824542D6D00E9DAD6 /* String.swift */; };
		499660D32454B5AB00E9DAD6 /* Limitation=Wrapper.swift in Sources */ = {isa = PBXBuildFile; fileRef = 499660D22454B5AB00E9DAD6 /* Limitation=Wrapper.swift */; };
		49A6FD51245259E7008CBEE9 /* Constants.swift in Sources */ = {isa = PBXBuildFile; fileRef = 49A6FD50245259E7008CBEE9 /* Constants.swift */; };
		49A6FD542452CCDC008CBEE9 /* UserEntryViewModel.swift in Sources */ = {isa = PBXBuildFile; fileRef = 49A6FD532452CCDC008CBEE9 /* UserEntryViewModel.swift */; };
		49A6FD572452CD07008CBEE9 /* UserEntryViewController.swift in Sources */ = {isa = PBXBuildFile; fileRef = 49A6FD552452CD07008CBEE9 /* UserEntryViewController.swift */; };
		49A6FD582452CD07008CBEE9 /* UserEntryViewController.xib in Resources */ = {isa = PBXBuildFile; fileRef = 49A6FD562452CD07008CBEE9 /* UserEntryViewController.xib */; };
		49A6FD5D2452CFBC008CBEE9 /* UsersOverviewViewController.swift in Sources */ = {isa = PBXBuildFile; fileRef = 49A6FD5B2452CFBC008CBEE9 /* UsersOverviewViewController.swift */; };
		49A6FD5E2452CFBC008CBEE9 /* UsersOverviewViewController.xib in Resources */ = {isa = PBXBuildFile; fileRef = 49A6FD5C2452CFBC008CBEE9 /* UsersOverviewViewController.xib */; };
		49A6FD602452CFD0008CBEE9 /* UsersOverviewViewModel.swift in Sources */ = {isa = PBXBuildFile; fileRef = 49A6FD5F2452CFD0008CBEE9 /* UsersOverviewViewModel.swift */; };
		49A6FD632452D118008CBEE9 /* CoreDataManager.swift in Sources */ = {isa = PBXBuildFile; fileRef = 49A6FD622452D118008CBEE9 /* CoreDataManager.swift */; };
		49A6FD662452D266008CBEE9 /* NSManagedObject+fetch.swift in Sources */ = {isa = PBXBuildFile; fileRef = 49A6FD652452D266008CBEE9 /* NSManagedObject+fetch.swift */; };
		49A6FD69245425EA008CBEE9 /* UserDefault+Wrapper.swift in Sources */ = {isa = PBXBuildFile; fileRef = 49A6FD68245425EA008CBEE9 /* UserDefault+Wrapper.swift */; };
		61BEB756FCF2BA1D5A52ED54 /* Pods_RealityPuzzle.framework in Frameworks */ = {isa = PBXBuildFile; fileRef = E16C438E0441B238B372472E /* Pods_RealityPuzzle.framework */; };
/* End PBXBuildFile section */

/* Begin PBXFileReference section */
		493C45A524559902003CA477 /* LeaderboardTabBarController.swift */ = {isa = PBXFileReference; lastKnownFileType = sourcecode.swift; path = LeaderboardTabBarController.swift; sourceTree = "<group>"; };
		493C45A72455B18F003CA477 /* User+CoreDataClass.swift */ = {isa = PBXFileReference; fileEncoding = 4; lastKnownFileType = sourcecode.swift; path = "User+CoreDataClass.swift"; sourceTree = "<group>"; };
		493C45A82455B18F003CA477 /* User+CoreDataProperties.swift */ = {isa = PBXFileReference; fileEncoding = 4; lastKnownFileType = sourcecode.swift; path = "User+CoreDataProperties.swift"; sourceTree = "<group>"; };
		493C45A92455B18F003CA477 /* GameResult+CoreDataClass.swift */ = {isa = PBXFileReference; fileEncoding = 4; lastKnownFileType = sourcecode.swift; path = "GameResult+CoreDataClass.swift"; sourceTree = "<group>"; };
		493C45AA2455B18F003CA477 /* GameResult+CoreDataProperties.swift */ = {isa = PBXFileReference; fileEncoding = 4; lastKnownFileType = sourcecode.swift; path = "GameResult+CoreDataProperties.swift"; sourceTree = "<group>"; };
		493C45AF2455B300003CA477 /* LeaderboardTableViewCell.swift */ = {isa = PBXFileReference; lastKnownFileType = sourcecode.swift; path = LeaderboardTableViewCell.swift; sourceTree = "<group>"; };
		493C45B02455B300003CA477 /* LeaderboardTableViewCell.xib */ = {isa = PBXFileReference; lastKnownFileType = file.xib; path = LeaderboardTableViewCell.xib; sourceTree = "<group>"; };
		493C45B42455B38C003CA477 /* LeaderboardTableViewCellModel.swift */ = {isa = PBXFileReference; lastKnownFileType = sourcecode.swift; path = LeaderboardTableViewCellModel.swift; sourceTree = "<group>"; };
		493C45B62455B3DD003CA477 /* BaseTableViewCell.swift */ = {isa = PBXFileReference; lastKnownFileType = sourcecode.swift; path = BaseTableViewCell.swift; sourceTree = "<group>"; };
		496D4EE22452079D004541E0 /* RealityPuzzle.app */ = {isa = PBXFileReference; explicitFileType = wrapper.application; includeInIndex = 0; path = RealityPuzzle.app; sourceTree = BUILT_PRODUCTS_DIR; };
		496D4EE52452079D004541E0 /* AppDelegate.swift */ = {isa = PBXFileReference; lastKnownFileType = sourcecode.swift; path = AppDelegate.swift; sourceTree = "<group>"; };
		496D4EEF2452079D004541E0 /* RealityPuzzle.xcdatamodel */ = {isa = PBXFileReference; lastKnownFileType = wrapper.xcdatamodel; path = RealityPuzzle.xcdatamodel; sourceTree = "<group>"; };
		496D4EF1245207A4004541E0 /* Assets.xcassets */ = {isa = PBXFileReference; lastKnownFileType = folder.assetcatalog; path = Assets.xcassets; sourceTree = "<group>"; };
		496D4EF6245207A4004541E0 /* Info.plist */ = {isa = PBXFileReference; lastKnownFileType = text.plist.xml; path = Info.plist; sourceTree = "<group>"; };
		496D4F0224520B2B004541E0 /* GameGenerator.swift */ = {isa = PBXFileReference; lastKnownFileType = sourcecode.swift; path = GameGenerator.swift; sourceTree = "<group>"; };
		496D4F0424520B58004541E0 /* Board.swift */ = {isa = PBXFileReference; lastKnownFileType = sourcecode.swift; path = Board.swift; sourceTree = "<group>"; };
		496D4F0624520B79004541E0 /* Piece.swift */ = {isa = PBXFileReference; lastKnownFileType = sourcecode.swift; path = Piece.swift; sourceTree = "<group>"; };
		496D4F0824520B91004541E0 /* Game.swift */ = {isa = PBXFileReference; lastKnownFileType = sourcecode.swift; path = Game.swift; sourceTree = "<group>"; };
		496D4F0C24520C1D004541E0 /* MainViewController.swift */ = {isa = PBXFileReference; lastKnownFileType = sourcecode.swift; path = MainViewController.swift; sourceTree = "<group>"; };
		496D4F0D24520C1D004541E0 /* MainViewController.xib */ = {isa = PBXFileReference; lastKnownFileType = file.xib; path = MainViewController.xib; sourceTree = "<group>"; };
		496D4F1024520C2A004541E0 /* MainViewModel.swift */ = {isa = PBXFileReference; lastKnownFileType = sourcecode.swift; path = MainViewModel.swift; sourceTree = "<group>"; };
		496D4F1324520C51004541E0 /* NewGameViewController.swift */ = {isa = PBXFileReference; lastKnownFileType = sourcecode.swift; path = NewGameViewController.swift; sourceTree = "<group>"; };
		496D4F1424520C51004541E0 /* NewGameViewController.xib */ = {isa = PBXFileReference; lastKnownFileType = file.xib; path = NewGameViewController.xib; sourceTree = "<group>"; };
		496D4F1724520C60004541E0 /* NewGameViewModel.swift */ = {isa = PBXFileReference; lastKnownFileType = sourcecode.swift; path = NewGameViewModel.swift; sourceTree = "<group>"; };
		496D4F1A24520CA0004541E0 /* CurrentGameViewController.swift */ = {isa = PBXFileReference; lastKnownFileType = sourcecode.swift; path = CurrentGameViewController.swift; sourceTree = "<group>"; };
		496D4F1B24520CA0004541E0 /* CurrentGameViewController.xib */ = {isa = PBXFileReference; lastKnownFileType = file.xib; path = CurrentGameViewController.xib; sourceTree = "<group>"; };
		496D4F1E24520CAD004541E0 /* CurrentGameViewModel.swift */ = {isa = PBXFileReference; lastKnownFileType = sourcecode.swift; path = CurrentGameViewModel.swift; sourceTree = "<group>"; };
		496D4F2124520CDA004541E0 /* LeaderboardViewModel.swift */ = {isa = PBXFileReference; lastKnownFileType = sourcecode.swift; path = LeaderboardViewModel.swift; sourceTree = "<group>"; };
		496D4F2324520CE8004541E0 /* LeaderboardViewController.swift */ = {isa = PBXFileReference; lastKnownFileType = sourcecode.swift; path = LeaderboardViewController.swift; sourceTree = "<group>"; };
		496D4F2424520CE8004541E0 /* LeaderboardViewController.xib */ = {isa = PBXFileReference; lastKnownFileType = file.xib; path = LeaderboardViewController.xib; sourceTree = "<group>"; };
		496D4F2824520E50004541E0 /* ViewControllerBindable.swift */ = {isa = PBXFileReference; lastKnownFileType = sourcecode.swift; path = ViewControllerBindable.swift; sourceTree = "<group>"; };
		496D4F2A24520E77004541E0 /* ViewModelBindable.swift */ = {isa = PBXFileReference; lastKnownFileType = sourcecode.swift; path = ViewModelBindable.swift; sourceTree = "<group>"; };
		496D4F2C245213ED004541E0 /* NSObject+Classname.swift */ = {isa = PBXFileReference; lastKnownFileType = sourcecode.swift; path = "NSObject+Classname.swift"; sourceTree = "<group>"; };
		497E82372455D8DA009CFC52 /* FlickrApi.swift */ = {isa = PBXFileReference; lastKnownFileType = sourcecode.swift; path = FlickrApi.swift; sourceTree = "<group>"; };
		497E82392455DA12009CFC52 /* libFlickrKit.a */ = {isa = PBXFileReference; explicitFileType = archive.ar; path = libFlickrKit.a; sourceTree = BUILT_PRODUCTS_DIR; };
		497E823D2455DEA9009CFC52 /* UIImage+async.swift */ = {isa = PBXFileReference; lastKnownFileType = sourcecode.swift; path = "UIImage+async.swift"; sourceTree = "<group>"; };
		497E823F2455DEF9009CFC52 /* NSObject+Cache.swift */ = {isa = PBXFileReference; lastKnownFileType = sourcecode.swift; path = "NSObject+Cache.swift"; sourceTree = "<group>"; };
		499660C42454287000E9DAD6 /* UIViewController.swift */ = {isa = PBXFileReference; lastKnownFileType = sourcecode.swift; path = UIViewController.swift; sourceTree = "<group>"; };
		499660C6245428A700E9DAD6 /* UIAlertController+CustomAlerts.swift */ = {isa = PBXFileReference; lastKnownFileType = sourcecode.swift; path = "UIAlertController+CustomAlerts.swift"; sourceTree = "<group>"; };
		499660C824542D6D00E9DAD6 /* String.swift */ = {isa = PBXFileReference; lastKnownFileType = sourcecode.swift; path = String.swift; sourceTree = "<group>"; };
		499660D22454B5AB00E9DAD6 /* Limitation=Wrapper.swift */ = {isa = PBXFileReference; lastKnownFileType = sourcecode.swift; path = "Limitation=Wrapper.swift"; sourceTree = "<group>"; };
		49A6FD50245259E7008CBEE9 /* Constants.swift */ = {isa = PBXFileReference; lastKnownFileType = sourcecode.swift; path = Constants.swift; sourceTree = "<group>"; };
		49A6FD532452CCDC008CBEE9 /* UserEntryViewModel.swift */ = {isa = PBXFileReference; lastKnownFileType = sourcecode.swift; path = UserEntryViewModel.swift; sourceTree = "<group>"; };
		49A6FD552452CD07008CBEE9 /* UserEntryViewController.swift */ = {isa = PBXFileReference; lastKnownFileType = sourcecode.swift; path = UserEntryViewController.swift; sourceTree = "<group>"; };
		49A6FD562452CD07008CBEE9 /* UserEntryViewController.xib */ = {isa = PBXFileReference; lastKnownFileType = file.xib; path = UserEntryViewController.xib; sourceTree = "<group>"; };
		49A6FD5B2452CFBC008CBEE9 /* UsersOverviewViewController.swift */ = {isa = PBXFileReference; lastKnownFileType = sourcecode.swift; path = UsersOverviewViewController.swift; sourceTree = "<group>"; };
		49A6FD5C2452CFBC008CBEE9 /* UsersOverviewViewController.xib */ = {isa = PBXFileReference; lastKnownFileType = file.xib; path = UsersOverviewViewController.xib; sourceTree = "<group>"; };
		49A6FD5F2452CFD0008CBEE9 /* UsersOverviewViewModel.swift */ = {isa = PBXFileReference; lastKnownFileType = sourcecode.swift; path = UsersOverviewViewModel.swift; sourceTree = "<group>"; };
		49A6FD622452D118008CBEE9 /* CoreDataManager.swift */ = {isa = PBXFileReference; lastKnownFileType = sourcecode.swift; path = CoreDataManager.swift; sourceTree = "<group>"; };
		49A6FD652452D266008CBEE9 /* NSManagedObject+fetch.swift */ = {isa = PBXFileReference; lastKnownFileType = sourcecode.swift; path = "NSManagedObject+fetch.swift"; sourceTree = "<group>"; };
		49A6FD68245425EA008CBEE9 /* UserDefault+Wrapper.swift */ = {isa = PBXFileReference; lastKnownFileType = sourcecode.swift; path = "UserDefault+Wrapper.swift"; sourceTree = "<group>"; };
		C881D30E8E3C8E6DB12C9DA8 /* Pods-RealityPuzzle.debug.xcconfig */ = {isa = PBXFileReference; includeInIndex = 1; lastKnownFileType = text.xcconfig; name = "Pods-RealityPuzzle.debug.xcconfig"; path = "Target Support Files/Pods-RealityPuzzle/Pods-RealityPuzzle.debug.xcconfig"; sourceTree = "<group>"; };
		D5D41187F6509C1EF5351B73 /* Pods-RealityPuzzle.release.xcconfig */ = {isa = PBXFileReference; includeInIndex = 1; lastKnownFileType = text.xcconfig; name = "Pods-RealityPuzzle.release.xcconfig"; path = "Target Support Files/Pods-RealityPuzzle/Pods-RealityPuzzle.release.xcconfig"; sourceTree = "<group>"; };
		E16C438E0441B238B372472E /* Pods_RealityPuzzle.framework */ = {isa = PBXFileReference; explicitFileType = wrapper.framework; includeInIndex = 0; path = Pods_RealityPuzzle.framework; sourceTree = BUILT_PRODUCTS_DIR; };
/* End PBXFileReference section */

/* Begin PBXFrameworksBuildPhase section */
		496D4EDF2452079D004541E0 /* Frameworks */ = {
			isa = PBXFrameworksBuildPhase;
			buildActionMask = 2147483647;
			files = (
				61BEB756FCF2BA1D5A52ED54 /* Pods_RealityPuzzle.framework in Frameworks */,
			);
			runOnlyForDeploymentPostprocessing = 0;
		};
/* End PBXFrameworksBuildPhase section */

/* Begin PBXGroup section */
		0EAA9D16107D3BB896EA82D4 /* Pods */ = {
			isa = PBXGroup;
			children = (
				C881D30E8E3C8E6DB12C9DA8 /* Pods-RealityPuzzle.debug.xcconfig */,
				D5D41187F6509C1EF5351B73 /* Pods-RealityPuzzle.release.xcconfig */,
			);
			path = Pods;
			sourceTree = "<group>";
		};
		493C45B32455B379003CA477 /* Cell */ = {
			isa = PBXGroup;
			children = (
				493C45AF2455B300003CA477 /* LeaderboardTableViewCell.swift */,
				493C45B02455B300003CA477 /* LeaderboardTableViewCell.xib */,
				493C45B42455B38C003CA477 /* LeaderboardTableViewCellModel.swift */,
			);
			path = Cell;
			sourceTree = "<group>";
		};
		496D4ED92452079D004541E0 = {
			isa = PBXGroup;
			children = (
				496D4EE42452079D004541E0 /* RealityPuzzle */,
				496D4EE32452079D004541E0 /* Products */,
				0EAA9D16107D3BB896EA82D4 /* Pods */,
				785BEC1F85CAF2B95C128978 /* Frameworks */,
			);
			sourceTree = "<group>";
		};
		496D4EE32452079D004541E0 /* Products */ = {
			isa = PBXGroup;
			children = (
				496D4EE22452079D004541E0 /* RealityPuzzle.app */,
			);
			name = Products;
			sourceTree = "<group>";
		};
		496D4EE42452079D004541E0 /* RealityPuzzle */ = {
			isa = PBXGroup;
			children = (
				497E82362455D8CB009CFC52 /* NetworkApi */,
				496D4EE52452079D004541E0 /* AppDelegate.swift */,
				496D4EFF24520AC9004541E0 /* Core */,
				496D4EFE24520AB9004541E0 /* Extensions */,
				496D4F0024520ACF004541E0 /* Game */,
				496D4EFD24520A38004541E0 /* Models */,
				496D4EFC24520A08004541E0 /* Resources */,
				496D4F0124520AD9004541E0 /* UI */,
			);
			path = RealityPuzzle;
			sourceTree = "<group>";
		};
		496D4EFC24520A08004541E0 /* Resources */ = {
			isa = PBXGroup;
			children = (
				496D4EF6245207A4004541E0 /* Info.plist */,
				496D4EF1245207A4004541E0 /* Assets.xcassets */,
				49A6FD50245259E7008CBEE9 /* Constants.swift */,
			);
			path = Resources;
			sourceTree = "<group>";
		};
		496D4EFD24520A38004541E0 /* Models */ = {
			isa = PBXGroup;
			children = (
				493C45A72455B18F003CA477 /* User+CoreDataClass.swift */,
				493C45A82455B18F003CA477 /* User+CoreDataProperties.swift */,
				493C45A92455B18F003CA477 /* GameResult+CoreDataClass.swift */,
				493C45AA2455B18F003CA477 /* GameResult+CoreDataProperties.swift */,
				496D4EEE2452079D004541E0 /* RealityPuzzle.xcdatamodeld */,
			);
			path = Models;
			sourceTree = "<group>";
		};
		496D4EFE24520AB9004541E0 /* Extensions */ = {
			isa = PBXGroup;
			children = (
				499660C32454286700E9DAD6 /* UIKit */,
				49A6FD67245425DD008CBEE9 /* Foundation */,
				49A6FD642452D252008CBEE9 /* CoreData */,
			);
			path = Extensions;
			sourceTree = "<group>";
		};
		496D4EFF24520AC9004541E0 /* Core */ = {
			isa = PBXGroup;
			children = (
				496D4F0224520B2B004541E0 /* GameGenerator.swift */,
				49A6FD622452D118008CBEE9 /* CoreDataManager.swift */,
			);
			path = Core;
			sourceTree = "<group>";
		};
		496D4F0024520ACF004541E0 /* Game */ = {
			isa = PBXGroup;
			children = (
				496D4F0424520B58004541E0 /* Board.swift */,
				496D4F0624520B79004541E0 /* Piece.swift */,
				496D4F0824520B91004541E0 /* Game.swift */,
			);
			path = Game;
			sourceTree = "<group>";
		};
		496D4F0124520AD9004541E0 /* UI */ = {
			isa = PBXGroup;
			children = (
				49A6FD592452CF98008CBEE9 /* Users */,
				496D4F2724520E32004541E0 /* Bindable */,
				496D4F1924520C91004541E0 /* CurrentGame */,
				496D4F2024520CC9004541E0 /* Leaderboard */,
				496D4F0A24520C05004541E0 /* MainViewController */,
				496D4F1224520C43004541E0 /* NewGame */,
			);
			path = UI;
			sourceTree = "<group>";
		};
		496D4F0A24520C05004541E0 /* MainViewController */ = {
			isa = PBXGroup;
			children = (
				496D4F1024520C2A004541E0 /* MainViewModel.swift */,
				496D4F0C24520C1D004541E0 /* MainViewController.swift */,
				496D4F0D24520C1D004541E0 /* MainViewController.xib */,
			);
			path = MainViewController;
			sourceTree = "<group>";
		};
		496D4F1224520C43004541E0 /* NewGame */ = {
			isa = PBXGroup;
			children = (
				496D4F1724520C60004541E0 /* NewGameViewModel.swift */,
				496D4F1324520C51004541E0 /* NewGameViewController.swift */,
				496D4F1424520C51004541E0 /* NewGameViewController.xib */,
			);
			path = NewGame;
			sourceTree = "<group>";
		};
		496D4F1924520C91004541E0 /* CurrentGame */ = {
			isa = PBXGroup;
			children = (
				496D4F1E24520CAD004541E0 /* CurrentGameViewModel.swift */,
				496D4F1A24520CA0004541E0 /* CurrentGameViewController.swift */,
				496D4F1B24520CA0004541E0 /* CurrentGameViewController.xib */,
			);
			path = CurrentGame;
			sourceTree = "<group>";
		};
		496D4F2024520CC9004541E0 /* Leaderboard */ = {
			isa = PBXGroup;
			children = (
				493C45B32455B379003CA477 /* Cell */,
				496D4F2124520CDA004541E0 /* LeaderboardViewModel.swift */,
				496D4F2324520CE8004541E0 /* LeaderboardViewController.swift */,
				496D4F2424520CE8004541E0 /* LeaderboardViewController.xib */,
				493C45A524559902003CA477 /* LeaderboardTabBarController.swift */,
			);
			path = Leaderboard;
			sourceTree = "<group>";
		};
		496D4F2724520E32004541E0 /* Bindable */ = {
			isa = PBXGroup;
			children = (
				496D4F2824520E50004541E0 /* ViewControllerBindable.swift */,
				496D4F2A24520E77004541E0 /* ViewModelBindable.swift */,
				493C45B62455B3DD003CA477 /* BaseTableViewCell.swift */,
			);
			path = Bindable;
			sourceTree = "<group>";
		};
		497E82362455D8CB009CFC52 /* NetworkApi */ = {
			isa = PBXGroup;
			children = (
				497E82372455D8DA009CFC52 /* FlickrApi.swift */,
			);
			path = NetworkApi;
			sourceTree = "<group>";
		};
		499660C32454286700E9DAD6 /* UIKit */ = {
			isa = PBXGroup;
			children = (
				499660C42454287000E9DAD6 /* UIViewController.swift */,
				499660C6245428A700E9DAD6 /* UIAlertController+CustomAlerts.swift */,
				497E823D2455DEA9009CFC52 /* UIImage+async.swift */,
			);
			path = UIKit;
			sourceTree = "<group>";
		};
		49A6FD522452CCCA008CBEE9 /* UserEntry */ = {
			isa = PBXGroup;
			children = (
				49A6FD532452CCDC008CBEE9 /* UserEntryViewModel.swift */,
				49A6FD552452CD07008CBEE9 /* UserEntryViewController.swift */,
				49A6FD562452CD07008CBEE9 /* UserEntryViewController.xib */,
			);
			path = UserEntry;
			sourceTree = "<group>";
		};
		49A6FD592452CF98008CBEE9 /* Users */ = {
			isa = PBXGroup;
			children = (
				49A6FD5A2452CFA5008CBEE9 /* UsersOverview */,
				49A6FD522452CCCA008CBEE9 /* UserEntry */,
			);
			path = Users;
			sourceTree = "<group>";
		};
		49A6FD5A2452CFA5008CBEE9 /* UsersOverview */ = {
			isa = PBXGroup;
			children = (
				49A6FD5B2452CFBC008CBEE9 /* UsersOverviewViewController.swift */,
				49A6FD5C2452CFBC008CBEE9 /* UsersOverviewViewController.xib */,
				49A6FD5F2452CFD0008CBEE9 /* UsersOverviewViewModel.swift */,
			);
			path = UsersOverview;
			sourceTree = "<group>";
		};
		49A6FD642452D252008CBEE9 /* CoreData */ = {
			isa = PBXGroup;
			children = (
				49A6FD652452D266008CBEE9 /* NSManagedObject+fetch.swift */,
			);
			path = CoreData;
			sourceTree = "<group>";
		};
		49A6FD67245425DD008CBEE9 /* Foundation */ = {
			isa = PBXGroup;
			children = (
				496D4F2C245213ED004541E0 /* NSObject+Classname.swift */,
				49A6FD68245425EA008CBEE9 /* UserDefault+Wrapper.swift */,
				499660C824542D6D00E9DAD6 /* String.swift */,
				499660D22454B5AB00E9DAD6 /* Limitation=Wrapper.swift */,
				497E823F2455DEF9009CFC52 /* NSObject+Cache.swift */,
			);
			path = Foundation;
			sourceTree = "<group>";
		};
		785BEC1F85CAF2B95C128978 /* Frameworks */ = {
			isa = PBXGroup;
			children = (
				497E82392455DA12009CFC52 /* libFlickrKit.a */,
				E16C438E0441B238B372472E /* Pods_RealityPuzzle.framework */,
			);
			name = Frameworks;
			sourceTree = "<group>";
		};
/* End PBXGroup section */

/* Begin PBXNativeTarget section */
		496D4EE12452079D004541E0 /* RealityPuzzle */ = {
			isa = PBXNativeTarget;
			buildConfigurationList = 496D4EF9245207A4004541E0 /* Build configuration list for PBXNativeTarget "RealityPuzzle" */;
			buildPhases = (
				910D4E9326246DC1A6489AE4 /* [CP] Check Pods Manifest.lock */,
				496D4EDE2452079D004541E0 /* Sources */,
				496D4EDF2452079D004541E0 /* Frameworks */,
				496D4EE02452079D004541E0 /* Resources */,
				89C2C85047BD0D9762E5D109 /* [CP] Embed Pods Frameworks */,
			);
			buildRules = (
			);
			dependencies = (
			);
			name = RealityPuzzle;
			productName = RealityPuzzle;
			productReference = 496D4EE22452079D004541E0 /* RealityPuzzle.app */;
			productType = "com.apple.product-type.application";
		};
/* End PBXNativeTarget section */

/* Begin PBXProject section */
		496D4EDA2452079D004541E0 /* Project object */ = {
			isa = PBXProject;
			attributes = {
				LastSwiftUpdateCheck = 1140;
				LastUpgradeCheck = 1140;
				ORGANIZATIONNAME = "Oleksii Lytvynov-Bohdanov";
				TargetAttributes = {
					496D4EE12452079D004541E0 = {
						CreatedOnToolsVersion = 11.4;
					};
				};
			};
			buildConfigurationList = 496D4EDD2452079D004541E0 /* Build configuration list for PBXProject "RealityPuzzle" */;
			compatibilityVersion = "Xcode 9.3";
			developmentRegion = en;
			hasScannedForEncodings = 0;
			knownRegions = (
				en,
				Base,
			);
			mainGroup = 496D4ED92452079D004541E0;
			productRefGroup = 496D4EE32452079D004541E0 /* Products */;
			projectDirPath = "";
			projectRoot = "";
			targets = (
				496D4EE12452079D004541E0 /* RealityPuzzle */,
			);
		};
/* End PBXProject section */

/* Begin PBXResourcesBuildPhase section */
		496D4EE02452079D004541E0 /* Resources */ = {
			isa = PBXResourcesBuildPhase;
			buildActionMask = 2147483647;
			files = (
				49A6FD582452CD07008CBEE9 /* UserEntryViewController.xib in Resources */,
				496D4F2624520CE8004541E0 /* LeaderboardViewController.xib in Resources */,
				496D4F1624520C51004541E0 /* NewGameViewController.xib in Resources */,
				496D4EF2245207A4004541E0 /* Assets.xcassets in Resources */,
				49A6FD5E2452CFBC008CBEE9 /* UsersOverviewViewController.xib in Resources */,
				493C45B22455B300003CA477 /* LeaderboardTableViewCell.xib in Resources */,
				496D4F1D24520CA0004541E0 /* CurrentGameViewController.xib in Resources */,
				496D4F0F24520C1D004541E0 /* MainViewController.xib in Resources */,
			);
			runOnlyForDeploymentPostprocessing = 0;
		};
/* End PBXResourcesBuildPhase section */

/* Begin PBXShellScriptBuildPhase section */
		89C2C85047BD0D9762E5D109 /* [CP] Embed Pods Frameworks */ = {
			isa = PBXShellScriptBuildPhase;
			buildActionMask = 2147483647;
			files = (
			);
			inputFileListPaths = (
				"${PODS_ROOT}/Target Support Files/Pods-RealityPuzzle/Pods-RealityPuzzle-frameworks-${CONFIGURATION}-input-files.xcfilelist",
			);
			name = "[CP] Embed Pods Frameworks";
			outputFileListPaths = (
				"${PODS_ROOT}/Target Support Files/Pods-RealityPuzzle/Pods-RealityPuzzle-frameworks-${CONFIGURATION}-output-files.xcfilelist",
			);
			runOnlyForDeploymentPostprocessing = 0;
			shellPath = /bin/sh;
			shellScript = "\"${PODS_ROOT}/Target Support Files/Pods-RealityPuzzle/Pods-RealityPuzzle-frameworks.sh\"\n";
			showEnvVarsInLog = 0;
		};
		910D4E9326246DC1A6489AE4 /* [CP] Check Pods Manifest.lock */ = {
			isa = PBXShellScriptBuildPhase;
			buildActionMask = 2147483647;
			files = (
			);
			inputFileListPaths = (
			);
			inputPaths = (
				"${PODS_PODFILE_DIR_PATH}/Podfile.lock",
				"${PODS_ROOT}/Manifest.lock",
			);
			name = "[CP] Check Pods Manifest.lock";
			outputFileListPaths = (
			);
			outputPaths = (
				"$(DERIVED_FILE_DIR)/Pods-RealityPuzzle-checkManifestLockResult.txt",
			);
			runOnlyForDeploymentPostprocessing = 0;
			shellPath = /bin/sh;
			shellScript = "diff \"${PODS_PODFILE_DIR_PATH}/Podfile.lock\" \"${PODS_ROOT}/Manifest.lock\" > /dev/null\nif [ $? != 0 ] ; then\n    # print error to STDERR\n    echo \"error: The sandbox is not in sync with the Podfile.lock. Run 'pod install' or update your CocoaPods installation.\" >&2\n    exit 1\nfi\n# This output is used by Xcode 'outputs' to avoid re-running this script phase.\necho \"SUCCESS\" > \"${SCRIPT_OUTPUT_FILE_0}\"\n";
			showEnvVarsInLog = 0;
		};
/* End PBXShellScriptBuildPhase section */

/* Begin PBXSourcesBuildPhase section */
		496D4EDE2452079D004541E0 /* Sources */ = {
			isa = PBXSourcesBuildPhase;
			buildActionMask = 2147483647;
			files = (
				49A6FD5D2452CFBC008CBEE9 /* UsersOverviewViewController.swift in Sources */,
				496D4F0724520B79004541E0 /* Piece.swift in Sources */,
				49A6FD51245259E7008CBEE9 /* Constants.swift in Sources */,
				493C45A624559902003CA477 /* LeaderboardTabBarController.swift in Sources */,
				496D4EE62452079D004541E0 /* AppDelegate.swift in Sources */,
				496D4F1F24520CAD004541E0 /* CurrentGameViewModel.swift in Sources */,
				493C45B12455B300003CA477 /* LeaderboardTableViewCell.swift in Sources */,
				496D4F0524520B58004541E0 /* Board.swift in Sources */,
				49A6FD632452D118008CBEE9 /* CoreDataManager.swift in Sources */,
				496D4EF02452079D004541E0 /* RealityPuzzle.xcdatamodeld in Sources */,
				496D4F0324520B2B004541E0 /* GameGenerator.swift in Sources */,
				496D4F2924520E50004541E0 /* ViewControllerBindable.swift in Sources */,
				499660C7245428A700E9DAD6 /* UIAlertController+CustomAlerts.swift in Sources */,
				493C45AE2455B18F003CA477 /* GameResult+CoreDataProperties.swift in Sources */,
				496D4F2524520CE8004541E0 /* LeaderboardViewController.swift in Sources */,
				49A6FD69245425EA008CBEE9 /* UserDefault+Wrapper.swift in Sources */,
				496D4F2D245213ED004541E0 /* NSObject+Classname.swift in Sources */,
				493C45AD2455B18F003CA477 /* GameResult+CoreDataClass.swift in Sources */,
				49A6FD572452CD07008CBEE9 /* UserEntryViewController.swift in Sources */,
				493C45B52455B38C003CA477 /* LeaderboardTableViewCellModel.swift in Sources */,
				496D4F1C24520CA0004541E0 /* CurrentGameViewController.swift in Sources */,
				496D4F2B24520E77004541E0 /* ViewModelBindable.swift in Sources */,
				497E82402455DEF9009CFC52 /* NSObject+Cache.swift in Sources */,
				493C45B72455B3DD003CA477 /* BaseTableViewCell.swift in Sources */,
				493C45AC2455B18F003CA477 /* User+CoreDataProperties.swift in Sources */,
				49A6FD542452CCDC008CBEE9 /* UserEntryViewModel.swift in Sources */,
				497E82382455D8DA009CFC52 /* FlickrApi.swift in Sources */,
				493C45AB2455B18F003CA477 /* User+CoreDataClass.swift in Sources */,
				499660C924542D6D00E9DAD6 /* String.swift in Sources */,
				49A6FD662452D266008CBEE9 /* NSManagedObject+fetch.swift in Sources */,
				496D4F0924520B91004541E0 /* Game.swift in Sources */,
				496D4F1524520C51004541E0 /* NewGameViewController.swift in Sources */,
				499660C52454287000E9DAD6 /* UIViewController.swift in Sources */,
				496D4F0E24520C1D004541E0 /* MainViewController.swift in Sources */,
				497E823E2455DEA9009CFC52 /* UIImage+async.swift in Sources */,
				496D4F2224520CDA004541E0 /* LeaderboardViewModel.swift in Sources */,
				49A6FD602452CFD0008CBEE9 /* UsersOverviewViewModel.swift in Sources */,
				499660D32454B5AB00E9DAD6 /* Limitation=Wrapper.swift in Sources */,
				496D4F1124520C2A004541E0 /* MainViewModel.swift in Sources */,
				496D4F1824520C60004541E0 /* NewGameViewModel.swift in Sources */,
			);
			runOnlyForDeploymentPostprocessing = 0;
		};
/* End PBXSourcesBuildPhase section */

/* Begin XCBuildConfiguration section */
		496D4EF7245207A4004541E0 /* Debug */ = {
			isa = XCBuildConfiguration;
			buildSettings = {
				ALWAYS_SEARCH_USER_PATHS = NO;
				CLANG_ANALYZER_NONNULL = YES;
				CLANG_ANALYZER_NUMBER_OBJECT_CONVERSION = YES_AGGRESSIVE;
				CLANG_CXX_LANGUAGE_STANDARD = "gnu++14";
				CLANG_CXX_LIBRARY = "libc++";
				CLANG_ENABLE_MODULES = YES;
				CLANG_ENABLE_OBJC_ARC = YES;
				CLANG_ENABLE_OBJC_WEAK = YES;
				CLANG_WARN_BLOCK_CAPTURE_AUTORELEASING = YES;
				CLANG_WARN_BOOL_CONVERSION = YES;
				CLANG_WARN_COMMA = YES;
				CLANG_WARN_CONSTANT_CONVERSION = YES;
				CLANG_WARN_DEPRECATED_OBJC_IMPLEMENTATIONS = YES;
				CLANG_WARN_DIRECT_OBJC_ISA_USAGE = YES_ERROR;
				CLANG_WARN_DOCUMENTATION_COMMENTS = YES;
				CLANG_WARN_EMPTY_BODY = YES;
				CLANG_WARN_ENUM_CONVERSION = YES;
				CLANG_WARN_INFINITE_RECURSION = YES;
				CLANG_WARN_INT_CONVERSION = YES;
				CLANG_WARN_NON_LITERAL_NULL_CONVERSION = YES;
				CLANG_WARN_OBJC_IMPLICIT_RETAIN_SELF = YES;
				CLANG_WARN_OBJC_LITERAL_CONVERSION = YES;
				CLANG_WARN_OBJC_ROOT_CLASS = YES_ERROR;
				CLANG_WARN_RANGE_LOOP_ANALYSIS = YES;
				CLANG_WARN_STRICT_PROTOTYPES = YES;
				CLANG_WARN_SUSPICIOUS_MOVE = YES;
				CLANG_WARN_UNGUARDED_AVAILABILITY = YES_AGGRESSIVE;
				CLANG_WARN_UNREACHABLE_CODE = YES;
				CLANG_WARN__DUPLICATE_METHOD_MATCH = YES;
				COPY_PHASE_STRIP = NO;
				DEBUG_INFORMATION_FORMAT = dwarf;
				ENABLE_STRICT_OBJC_MSGSEND = YES;
				ENABLE_TESTABILITY = YES;
				GCC_C_LANGUAGE_STANDARD = gnu11;
				GCC_DYNAMIC_NO_PIC = NO;
				GCC_NO_COMMON_BLOCKS = YES;
				GCC_OPTIMIZATION_LEVEL = 0;
				GCC_PREPROCESSOR_DEFINITIONS = (
					"DEBUG=1",
					"$(inherited)",
				);
				GCC_WARN_64_TO_32_BIT_CONVERSION = YES;
				GCC_WARN_ABOUT_RETURN_TYPE = YES_ERROR;
				GCC_WARN_UNDECLARED_SELECTOR = YES;
				GCC_WARN_UNINITIALIZED_AUTOS = YES_AGGRESSIVE;
				GCC_WARN_UNUSED_FUNCTION = YES;
				GCC_WARN_UNUSED_VARIABLE = YES;
				IPHONEOS_DEPLOYMENT_TARGET = 13.4;
				MTL_ENABLE_DEBUG_INFO = INCLUDE_SOURCE;
				MTL_FAST_MATH = YES;
				ONLY_ACTIVE_ARCH = YES;
				SDKROOT = iphoneos;
				SWIFT_ACTIVE_COMPILATION_CONDITIONS = DEBUG;
				SWIFT_OPTIMIZATION_LEVEL = "-Onone";
			};
			name = Debug;
		};
		496D4EF8245207A4004541E0 /* Release */ = {
			isa = XCBuildConfiguration;
			buildSettings = {
				ALWAYS_SEARCH_USER_PATHS = NO;
				CLANG_ANALYZER_NONNULL = YES;
				CLANG_ANALYZER_NUMBER_OBJECT_CONVERSION = YES_AGGRESSIVE;
				CLANG_CXX_LANGUAGE_STANDARD = "gnu++14";
				CLANG_CXX_LIBRARY = "libc++";
				CLANG_ENABLE_MODULES = YES;
				CLANG_ENABLE_OBJC_ARC = YES;
				CLANG_ENABLE_OBJC_WEAK = YES;
				CLANG_WARN_BLOCK_CAPTURE_AUTORELEASING = YES;
				CLANG_WARN_BOOL_CONVERSION = YES;
				CLANG_WARN_COMMA = YES;
				CLANG_WARN_CONSTANT_CONVERSION = YES;
				CLANG_WARN_DEPRECATED_OBJC_IMPLEMENTATIONS = YES;
				CLANG_WARN_DIRECT_OBJC_ISA_USAGE = YES_ERROR;
				CLANG_WARN_DOCUMENTATION_COMMENTS = YES;
				CLANG_WARN_EMPTY_BODY = YES;
				CLANG_WARN_ENUM_CONVERSION = YES;
				CLANG_WARN_INFINITE_RECURSION = YES;
				CLANG_WARN_INT_CONVERSION = YES;
				CLANG_WARN_NON_LITERAL_NULL_CONVERSION = YES;
				CLANG_WARN_OBJC_IMPLICIT_RETAIN_SELF = YES;
				CLANG_WARN_OBJC_LITERAL_CONVERSION = YES;
				CLANG_WARN_OBJC_ROOT_CLASS = YES_ERROR;
				CLANG_WARN_RANGE_LOOP_ANALYSIS = YES;
				CLANG_WARN_STRICT_PROTOTYPES = YES;
				CLANG_WARN_SUSPICIOUS_MOVE = YES;
				CLANG_WARN_UNGUARDED_AVAILABILITY = YES_AGGRESSIVE;
				CLANG_WARN_UNREACHABLE_CODE = YES;
				CLANG_WARN__DUPLICATE_METHOD_MATCH = YES;
				COPY_PHASE_STRIP = NO;
				DEBUG_INFORMATION_FORMAT = "dwarf-with-dsym";
				ENABLE_NS_ASSERTIONS = NO;
				ENABLE_STRICT_OBJC_MSGSEND = YES;
				GCC_C_LANGUAGE_STANDARD = gnu11;
				GCC_NO_COMMON_BLOCKS = YES;
				GCC_WARN_64_TO_32_BIT_CONVERSION = YES;
				GCC_WARN_ABOUT_RETURN_TYPE = YES_ERROR;
				GCC_WARN_UNDECLARED_SELECTOR = YES;
				GCC_WARN_UNINITIALIZED_AUTOS = YES_AGGRESSIVE;
				GCC_WARN_UNUSED_FUNCTION = YES;
				GCC_WARN_UNUSED_VARIABLE = YES;
				IPHONEOS_DEPLOYMENT_TARGET = 13.4;
				MTL_ENABLE_DEBUG_INFO = NO;
				MTL_FAST_MATH = YES;
				SDKROOT = iphoneos;
				SWIFT_COMPILATION_MODE = wholemodule;
				SWIFT_OPTIMIZATION_LEVEL = "-O";
				VALIDATE_PRODUCT = YES;
			};
			name = Release;
		};
		496D4EFA245207A4004541E0 /* Debug */ = {
			isa = XCBuildConfiguration;
			baseConfigurationReference = C881D30E8E3C8E6DB12C9DA8 /* Pods-RealityPuzzle.debug.xcconfig */;
			buildSettings = {
				ASSETCATALOG_COMPILER_APPICON_NAME = AppIcon;
				CODE_SIGN_STYLE = Automatic;
				INFOPLIST_FILE = RealityPuzzle/Resources/Info.plist;
				IPHONEOS_DEPLOYMENT_TARGET = 12.0;
				LD_RUNPATH_SEARCH_PATHS = (
					"$(inherited)",
					"@executable_path/Frameworks",
				);
				PRODUCT_BUNDLE_IDENTIFIER = com.lytvynov.RealityPuzzle;
				PRODUCT_NAME = "$(TARGET_NAME)";
				SWIFT_VERSION = 5.0;
				TARGETED_DEVICE_FAMILY = "1,2";
			};
			name = Debug;
		};
		496D4EFB245207A4004541E0 /* Release */ = {
			isa = XCBuildConfiguration;
			baseConfigurationReference = D5D41187F6509C1EF5351B73 /* Pods-RealityPuzzle.release.xcconfig */;
			buildSettings = {
				ASSETCATALOG_COMPILER_APPICON_NAME = AppIcon;
				CODE_SIGN_STYLE = Automatic;
				INFOPLIST_FILE = RealityPuzzle/Resources/Info.plist;
				IPHONEOS_DEPLOYMENT_TARGET = 12.0;
				LD_RUNPATH_SEARCH_PATHS = (
					"$(inherited)",
					"@executable_path/Frameworks",
				);
				PRODUCT_BUNDLE_IDENTIFIER = com.lytvynov.RealityPuzzle;
				PRODUCT_NAME = "$(TARGET_NAME)";
				SWIFT_VERSION = 5.0;
				TARGETED_DEVICE_FAMILY = "1,2";
			};
			name = Release;
		};
/* End XCBuildConfiguration section */

/* Begin XCConfigurationList section */
		496D4EDD2452079D004541E0 /* Build configuration list for PBXProject "RealityPuzzle" */ = {
			isa = XCConfigurationList;
			buildConfigurations = (
				496D4EF7245207A4004541E0 /* Debug */,
				496D4EF8245207A4004541E0 /* Release */,
			);
			defaultConfigurationIsVisible = 0;
			defaultConfigurationName = Release;
		};
		496D4EF9245207A4004541E0 /* Build configuration list for PBXNativeTarget "RealityPuzzle" */ = {
			isa = XCConfigurationList;
			buildConfigurations = (
				496D4EFA245207A4004541E0 /* Debug */,
				496D4EFB245207A4004541E0 /* Release */,
			);
			defaultConfigurationIsVisible = 0;
			defaultConfigurationName = Release;
		};
/* End XCConfigurationList section */

/* Begin XCVersionGroup section */
		496D4EEE2452079D004541E0 /* RealityPuzzle.xcdatamodeld */ = {
			isa = XCVersionGroup;
			children = (
				496D4EEF2452079D004541E0 /* RealityPuzzle.xcdatamodel */,
			);
			currentVersion = 496D4EEF2452079D004541E0 /* RealityPuzzle.xcdatamodel */;
			path = RealityPuzzle.xcdatamodeld;
			sourceTree = "<group>";
			versionGroupType = wrapper.xcdatamodel;
		};
/* End XCVersionGroup section */
	};
	rootObject = 496D4EDA2452079D004541E0 /* Project object */;
}
